{
  "name": "typescript",
  "lockfileVersion": 2,
  "requires": true,
  "packages": {
    "": {
      "dependencies": {
        "@ionic/angular": "^6.2.3"
      }
    },
    "node_modules/@angular/common": {
      "version": "14.1.3",
      "resolved": "https://registry.npmjs.org/@angular/common/-/common-14.1.3.tgz",
      "integrity": "sha512-t5zidNLcQrgrShBFFsEhvJ6yKw5jwv/Td/AQrknQzrAz3kVBH4dOZGC5jolasFipy/P1DNoG2K+igPCGeskc4w==",
      "peer": true,
      "dependencies": {
        "tslib": "^2.3.0"
      },
      "engines": {
        "node": "^14.15.0 || >=16.10.0"
      },
      "peerDependencies": {
        "@angular/core": "14.1.3",
        "rxjs": "^6.5.3 || ^7.4.0"
      }
    },
    "node_modules/@angular/core": {
      "version": "14.1.3",
      "resolved": "https://registry.npmjs.org/@angular/core/-/core-14.1.3.tgz",
      "integrity": "sha512-V3OJD4cShjLzyJAWQ1ogSW0WhKJwti5zsoT1SQ2RoA5UScBPzZN/F/0n/4IupHeaIC+NfaLX916xKTGWA8G8SQ==",
      "peer": true,
      "dependencies": {
        "tslib": "^2.3.0"
      },
      "engines": {
        "node": "^14.15.0 || >=16.10.0"
      },
      "peerDependencies": {
        "rxjs": "^6.5.3 || ^7.4.0",
        "zone.js": "~0.11.4"
      }
    },
    "node_modules/@angular/forms": {
      "version": "14.1.3",
      "resolved": "https://registry.npmjs.org/@angular/forms/-/forms-14.1.3.tgz",
      "integrity": "sha512-gCN3my9KRp6BLlBGh4uw8NukUPKCl+quroMO2lkvsodF0MA42uhKHO+EImrpLxNMK7lfENIERwthb4mh4G4cFQ==",
      "peer": true,
      "dependencies": {
        "tslib": "^2.3.0"
      },
      "engines": {
        "node": "^14.15.0 || >=16.10.0"
      },
      "peerDependencies": {
        "@angular/common": "14.1.3",
        "@angular/core": "14.1.3",
        "@angular/platform-browser": "14.1.3",
        "rxjs": "^6.5.3 || ^7.4.0"
      }
    },
    "node_modules/@angular/platform-browser": {
      "version": "14.1.3",
      "resolved": "https://registry.npmjs.org/@angular/platform-browser/-/platform-browser-14.1.3.tgz",
      "integrity": "sha512-baEHBj2pCrz5XR9KCb2FaAChWsRrxl9yapDZFNpApucN/OlQpBDVA9UDDvaYeD3PsI8nVL3B6danKUloamd+pw==",
      "peer": true,
      "dependencies": {
        "tslib": "^2.3.0"
      },
      "engines": {
        "node": "^14.15.0 || >=16.10.0"
      },
      "peerDependencies": {
        "@angular/animations": "14.1.3",
        "@angular/common": "14.1.3",
        "@angular/core": "14.1.3"
      },
      "peerDependenciesMeta": {
        "@angular/animations": {
          "optional": true
        }
      }
    },
    "node_modules/@angular/router": {
      "version": "14.1.3",
      "resolved": "https://registry.npmjs.org/@angular/router/-/router-14.1.3.tgz",
      "integrity": "sha512-LjWQBaeaGkgFy814booGmQV2eELDynzACGAZUwrpWmdHKo9p9GCi9dYttYXspNDmxoipXAzYvVPSABlMfhuQ+g==",
      "peer": true,
      "dependencies": {
        "tslib": "^2.3.0"
      },
      "engines": {
        "node": "^14.15.0 || >=16.10.0"
      },
      "peerDependencies": {
        "@angular/common": "14.1.3",
        "@angular/core": "14.1.3",
        "@angular/platform-browser": "14.1.3",
        "rxjs": "^6.5.3 || ^7.4.0"
      }
    },
    "node_modules/@ionic/angular": {
      "version": "6.2.3",
      "resolved": "https://registry.npmjs.org/@ionic/angular/-/angular-6.2.3.tgz",
      "integrity": "sha512-Hnug6viJz+S6JwOExhqInTFgsUICG8yRPvtc+umVoKrDOecrXs5XBMi2SkcF0cRQkpqiDz04thgtA2o+Mc8JYg==",
      "dependencies": {
        "@ionic/core": "^6.2.3",
        "jsonc-parser": "^3.0.0",
        "tslib": "^2.0.0"
      },
      "peerDependencies": {
        "@angular/core": ">=12.0.0",
        "@angular/forms": ">=12.0.0",
        "@angular/router": ">=12.0.0",
        "rxjs": ">=6.6.0",
        "zone.js": ">=0.11.0"
      }
    },
    "node_modules/@ionic/core": {
      "version": "6.2.3",
      "resolved": "https://registry.npmjs.org/@ionic/core/-/core-6.2.3.tgz",
      "integrity": "sha512-TqSVN5nfDC8Ovcfgv6PH6FsNY8P9Awl2zSXVMBpgr5CSFNOb6xB4U8utdhMtJbuo/OYgqAbjSVq+pD4RiBt1rw==",
      "dependencies": {
        "@stencil/core": "^2.16.0",
        "ionicons": "^6.0.2",
        "tslib": "^2.1.0"
      }
    },
    "node_modules/@stencil/core": {
      "version": "2.17.4",
      "resolved": "https://registry.npmjs.org/@stencil/core/-/core-2.17.4.tgz",
      "integrity": "sha512-SGRlHpjV1RyFvzw6jFMVKpLNox9Eds3VvpbpD2SW9CuxdLonHDSFtQks5zmT4zs1Rse9I6kFc2mFK/dHNTalkg==",
      "bin": {
        "stencil": "bin/stencil"
      },
      "engines": {
        "node": ">=12.10.0",
        "npm": ">=6.0.0"
      }
    },
    "node_modules/ionicons": {
      "version": "6.0.2",
      "resolved": "https://registry.npmjs.org/ionicons/-/ionicons-6.0.2.tgz",
      "integrity": "sha512-AyKfFaUKVoBz4eB8XkU7H1R5HFnVsgq5ijqSdbXC0lES9PDK/J6LUQz6XUJq0mVVQF5k9kczSPOLMW3mszG0mQ==",
      "dependencies": {
        "@stencil/core": "~2.16.0"
      }
    },
    "node_modules/ionicons/node_modules/@stencil/core": {
      "version": "2.16.1",
      "resolved": "https://registry.npmjs.org/@stencil/core/-/core-2.16.1.tgz",
      "integrity": "sha512-s/UJp9qxExL3DyQPT70kiuWeb3AdjbUZM+5lEIXn30I2DLcLYPOPXfsoWJODieQywq+3vPiLZeIdkoqjf6jcSw==",
      "bin": {
        "stencil": "bin/stencil"
      },
      "engines": {
        "node": ">=12.10.0",
        "npm": ">=6.0.0"
      }
    },
    "node_modules/jsonc-parser": {
      "version": "3.1.0",
      "resolved": "https://registry.npmjs.org/jsonc-parser/-/jsonc-parser-3.1.0.tgz",
      "integrity": "sha512-DRf0QjnNeCUds3xTjKlQQ3DpJD51GvDjJfnxUVWg6PZTo2otSm+slzNAxU/35hF8/oJIKoG9slq30JYOsF2azg=="
    },
    "node_modules/rxjs": {
      "version": "7.5.6",
      "resolved": "https://registry.npmjs.org/rxjs/-/rxjs-7.5.6.tgz",
      "integrity": "sha512-dnyv2/YsXhnm461G+R/Pe5bWP41Nm6LBXEYWI6eiFP4fiwx6WRI/CD0zbdVAudd9xwLEF2IDcKXLHit0FYjUzw==",
      "peer": true,
      "dependencies": {
        "tslib": "^2.1.0"
      }
    },
    "node_modules/tslib": {
      "version": "2.4.0",
      "resolved": "https://registry.npmjs.org/tslib/-/tslib-2.4.0.tgz",
      "integrity": "sha512-d6xOpEDfsi2CZVlPQzGeux8XMwLT9hssAsaPYExaQMuYskwb+x1x7J371tWlbBdWHroy99KnVB6qIkUbs5X3UQ=="
    },
    "node_modules/zone.js": {
      "version": "0.11.8",
      "resolved": "https://registry.npmjs.org/zone.js/-/zone.js-0.11.8.tgz",
      "integrity": "sha512-82bctBg2hKcEJ21humWIkXRlLBBmrc3nN7DFh5LGGhcyycO2S7FN8NmdvlcKaGFDNVL4/9kFLmwmInTavdJERA==",
      "peer": true,
      "dependencies": {
        "tslib": "^2.3.0"
      }
    }
  },
  "dependencies": {
    "@angular/common": {
      "version": "14.1.3",
      "resolved": "https://registry.npmjs.org/@angular/common/-/common-14.1.3.tgz",
      "integrity": "sha512-t5zidNLcQrgrShBFFsEhvJ6yKw5jwv/Td/AQrknQzrAz3kVBH4dOZGC5jolasFipy/P1DNoG2K+igPCGeskc4w==",
      "peer": true,
      "requires": {
        "tslib": "^2.3.0"
      }
    },
    "@angular/core": {
      "version": "14.1.3",
      "resolved": "https://registry.npmjs.org/@angular/core/-/core-14.1.3.tgz",
      "integrity": "sha512-V3OJD4cShjLzyJAWQ1ogSW0WhKJwti5zsoT1SQ2RoA5UScBPzZN/F/0n/4IupHeaIC+NfaLX916xKTGWA8G8SQ==",
      "peer": true,
      "requires": {
        "tslib": "^2.3.0"
      }
    },
    "@angular/forms": {
      "version": "14.1.3",
      "resolved": "https://registry.npmjs.org/@angular/forms/-/forms-14.1.3.tgz",
      "integrity": "sha512-gCN3my9KRp6BLlBGh4uw8NukUPKCl+quroMO2lkvsodF0MA42uhKHO+EImrpLxNMK7lfENIERwthb4mh4G4cFQ==",
      "peer": true,
      "requires": {
        "tslib": "^2.3.0"
      }
    },
    "@angular/platform-browser": {
      "version": "14.1.3",
      "resolved": "https://registry.npmjs.org/@angular/platform-browser/-/platform-browser-14.1.3.tgz",
      "integrity": "sha512-baEHBj2pCrz5XR9KCb2FaAChWsRrxl9yapDZFNpApucN/OlQpBDVA9UDDvaYeD3PsI8nVL3B6danKUloamd+pw==",
      "peer": true,
      "requires": {
        "tslib": "^2.3.0"
      }
    },
    "@angular/router": {
      "version": "14.1.3",
      "resolved": "https://registry.npmjs.org/@angular/router/-/router-14.1.3.tgz",
      "integrity": "sha512-LjWQBaeaGkgFy814booGmQV2eELDynzACGAZUwrpWmdHKo9p9GCi9dYttYXspNDmxoipXAzYvVPSABlMfhuQ+g==",
      "peer": true,
      "requires": {
        "tslib": "^2.3.0"
      }
    },
    "@ionic/angular": {
      "version": "6.2.3",
      "resolved": "https://registry.npmjs.org/@ionic/angular/-/angular-6.2.3.tgz",
      "integrity": "sha512-Hnug6viJz+S6JwOExhqInTFgsUICG8yRPvtc+umVoKrDOecrXs5XBMi2SkcF0cRQkpqiDz04thgtA2o+Mc8JYg==",
      "requires": {
        "@ionic/core": "^6.2.3",
        "jsonc-parser": "^3.0.0",
        "tslib": "^2.0.0"
      }
    },
    "@ionic/core": {
      "version": "6.2.3",
      "resolved": "https://registry.npmjs.org/@ionic/core/-/core-6.2.3.tgz",
      "integrity": "sha512-TqSVN5nfDC8Ovcfgv6PH6FsNY8P9Awl2zSXVMBpgr5CSFNOb6xB4U8utdhMtJbuo/OYgqAbjSVq+pD4RiBt1rw==",
      "requires": {
        "@stencil/core": "^2.16.0",
        "ionicons": "^6.0.2",
        "tslib": "^2.1.0"
      }
    },
    "@stencil/core": {
      "version": "2.17.4",
      "resolved": "https://registry.npmjs.org/@stencil/core/-/core-2.17.4.tgz",
      "integrity": "sha512-SGRlHpjV1RyFvzw6jFMVKpLNox9Eds3VvpbpD2SW9CuxdLonHDSFtQks5zmT4zs1Rse9I6kFc2mFK/dHNTalkg=="
    },
    "ionicons": {
      "version": "6.0.2",
      "resolved": "https://registry.npmjs.org/ionicons/-/ionicons-6.0.2.tgz",
      "integrity": "sha512-AyKfFaUKVoBz4eB8XkU7H1R5HFnVsgq5ijqSdbXC0lES9PDK/J6LUQz6XUJq0mVVQF5k9kczSPOLMW3mszG0mQ==",
      "requires": {
        "@stencil/core": "~2.16.0"
      },
      "dependencies": {
        "@stencil/core": {
          "version": "2.16.1",
          "resolved": "https://registry.npmjs.org/@stencil/core/-/core-2.16.1.tgz",
          "integrity": "sha512-s/UJp9qxExL3DyQPT70kiuWeb3AdjbUZM+5lEIXn30I2DLcLYPOPXfsoWJODieQywq+3vPiLZeIdkoqjf6jcSw=="
        }
      }
    },
    "jsonc-parser": {
      "version": "3.1.0",
      "resolved": "https://registry.npmjs.org/jsonc-parser/-/jsonc-parser-3.1.0.tgz",
      "integrity": "sha512-DRf0QjnNeCUds3xTjKlQQ3DpJD51GvDjJfnxUVWg6PZTo2otSm+slzNAxU/35hF8/oJIKoG9slq30JYOsF2azg=="
    },
    "rxjs": {
      "version": "7.5.6",
      "resolved": "https://registry.npmjs.org/rxjs/-/rxjs-7.5.6.tgz",
      "integrity": "sha512-dnyv2/YsXhnm461G+R/Pe5bWP41Nm6LBXEYWI6eiFP4fiwx6WRI/CD0zbdVAudd9xwLEF2IDcKXLHit0FYjUzw==",
      "peer": true,
      "requires": {
        "tslib": "^2.1.0"
      }
    },
    "tslib": {
      "version": "2.4.0",
      "resolved": "https://registry.npmjs.org/tslib/-/tslib-2.4.0.tgz",
      "integrity": "sha512-d6xOpEDfsi2CZVlPQzGeux8XMwLT9hssAsaPYExaQMuYskwb+x1x7J371tWlbBdWHroy99KnVB6qIkUbs5X3UQ=="
    },
    "zone.js": {
      "version": "0.11.8",
      "resolved": "https://registry.npmjs.org/zone.js/-/zone.js-0.11.8.tgz",
      "integrity": "sha512-82bctBg2hKcEJ21humWIkXRlLBBmrc3nN7DFh5LGGhcyycO2S7FN8NmdvlcKaGFDNVL4/9kFLmwmInTavdJERA==",
      "peer": true,
      "requires": {
        "tslib": "^2.3.0"
      }
    }
  }
}
